// !$*UTF8*$!
{
	archiveVersion = 1;
	classes = {
	};
	objectVersion = 46;
	objects = {

/* Begin PBXBuildFile section */
		85B207CA1D44CC990015741C /* AppDelegate.swift in Sources */ = {isa = PBXBuildFile; fileRef = 85B207C91D44CC990015741C /* AppDelegate.swift */; };
		85B207CC1D44CC990015741C /* MainVC.swift in Sources */ = {isa = PBXBuildFile; fileRef = 85B207CB1D44CC990015741C /* MainVC.swift */; };
		85B207CF1D44CC990015741C /* Main.storyboard in Resources */ = {isa = PBXBuildFile; fileRef = 85B207CD1D44CC990015741C /* Main.storyboard */; };
		85B207D11D44CC990015741C /* Assets.xcassets in Resources */ = {isa = PBXBuildFile; fileRef = 85B207D01D44CC990015741C /* Assets.xcassets */; };
		85B207D41D44CC990015741C /* LaunchScreen.storyboard in Resources */ = {isa = PBXBuildFile; fileRef = 85B207D21D44CC990015741C /* LaunchScreen.storyboard */; };
		85B207E71D44CFD00015741C /* CaviarDreams_Bold.ttf in Resources */ = {isa = PBXBuildFile; fileRef = 85B207E31D44CFD00015741C /* CaviarDreams_Bold.ttf */; };
		85B207E81D44CFD00015741C /* CaviarDreams_BoldItalic.ttf in Resources */ = {isa = PBXBuildFile; fileRef = 85B207E41D44CFD00015741C /* CaviarDreams_BoldItalic.ttf */; };
		85B207E91D44CFD00015741C /* CaviarDreams_Italic.ttf in Resources */ = {isa = PBXBuildFile; fileRef = 85B207E51D44CFD00015741C /* CaviarDreams_Italic.ttf */; };
		85B207EA1D44CFD00015741C /* CaviarDreams.ttf in Resources */ = {isa = PBXBuildFile; fileRef = 85B207E61D44CFD00015741C /* CaviarDreams.ttf */; };
		85B207ED1D44D04D0015741C /* BebasNeue.otf in Resources */ = {isa = PBXBuildFile; fileRef = 85B207EC1D44D04D0015741C /* BebasNeue.otf */; };
		85BEC8481D460AE9004B9223 /* PersonDetailVC.swift in Sources */ = {isa = PBXBuildFile; fileRef = 85BEC8471D460AE9004B9223 /* PersonDetailVC.swift */; };
		85E09B541D44E12300EF6310 /* UIStylingView.swift in Sources */ = {isa = PBXBuildFile; fileRef = 85E09B531D44E12300EF6310 /* UIStylingView.swift */; };
		85E09B561D44EC2E00EF6310 /* AddFavouritePersonVC.swift in Sources */ = {isa = PBXBuildFile; fileRef = 85E09B551D44EC2E00EF6310 /* AddFavouritePersonVC.swift */; };
		85E09B581D44EC9D00EF6310 /* Person.swift in Sources */ = {isa = PBXBuildFile; fileRef = 85E09B571D44EC9D00EF6310 /* Person.swift */; };
		85E09B5A1D44ECBD00EF6310 /* DataService.swift in Sources */ = {isa = PBXBuildFile; fileRef = 85E09B591D44ECBD00EF6310 /* DataService.swift */; };
		85E09B5C1D44ECFF00EF6310 /* PersonCell.swift in Sources */ = {isa = PBXBuildFile; fileRef = 85E09B5B1D44ECFF00EF6310 /* PersonCell.swift */; };
		85E09B5E1D45158700EF6310 /* Constants.swift in Sources */ = {isa = PBXBuildFile; fileRef = 85E09B5D1D45158700EF6310 /* Constants.swift */; };
/* End PBXBuildFile section */

/* Begin PBXFileReference section */
		85B207C61D44CC990015741C /* YourFavouritePersons.app */ = {isa = PBXFileReference; explicitFileType = wrapper.application; includeInIndex = 0; path = YourFavouritePersons.app; sourceTree = BUILT_PRODUCTS_DIR; };
		85B207C91D44CC990015741C /* AppDelegate.swift */ = {isa = PBXFileReference; lastKnownFileType = sourcecode.swift; path = AppDelegate.swift; sourceTree = "<group>"; };
		85B207CB1D44CC990015741C /* MainVC.swift */ = {isa = PBXFileReference; lastKnownFileType = sourcecode.swift; path = MainVC.swift; sourceTree = "<group>"; };
		85B207CE1D44CC990015741C /* Base */ = {isa = PBXFileReference; lastKnownFileType = file.storyboard; name = Base; path = Base.lproj/Main.storyboard; sourceTree = "<group>"; };
		85B207D01D44CC990015741C /* Assets.xcassets */ = {isa = PBXFileReference; lastKnownFileType = folder.assetcatalog; path = Assets.xcassets; sourceTree = "<group>"; };
		85B207D31D44CC990015741C /* Base */ = {isa = PBXFileReference; lastKnownFileType = file.storyboard; name = Base; path = Base.lproj/LaunchScreen.storyboard; sourceTree = "<group>"; };
		85B207D51D44CC990015741C /* Info.plist */ = {isa = PBXFileReference; lastKnownFileType = text.plist.xml; path = Info.plist; sourceTree = "<group>"; };
		85B207E31D44CFD00015741C /* CaviarDreams_Bold.ttf */ = {isa = PBXFileReference; lastKnownFileType = file; path = CaviarDreams_Bold.ttf; sourceTree = "<group>"; };
		85B207E41D44CFD00015741C /* CaviarDreams_BoldItalic.ttf */ = {isa = PBXFileReference; lastKnownFileType = file; path = CaviarDreams_BoldItalic.ttf; sourceTree = "<group>"; };
		85B207E51D44CFD00015741C /* CaviarDreams_Italic.ttf */ = {isa = PBXFileReference; lastKnownFileType = file; path = CaviarDreams_Italic.ttf; sourceTree = "<group>"; };
		85B207E61D44CFD00015741C /* CaviarDreams.ttf */ = {isa = PBXFileReference; lastKnownFileType = file; path = CaviarDreams.ttf; sourceTree = "<group>"; };
		85B207EC1D44D04D0015741C /* BebasNeue.otf */ = {isa = PBXFileReference; lastKnownFileType = file; path = BebasNeue.otf; sourceTree = "<group>"; };
		85BEC8471D460AE9004B9223 /* PersonDetailVC.swift */ = {isa = PBXFileReference; fileEncoding = 4; lastKnownFileType = sourcecode.swift; path = PersonDetailVC.swift; sourceTree = "<group>"; };
		85E09B531D44E12300EF6310 /* UIStylingView.swift */ = {isa = PBXFileReference; fileEncoding = 4; lastKnownFileType = sourcecode.swift; path = UIStylingView.swift; sourceTree = "<group>"; };
		85E09B551D44EC2E00EF6310 /* AddFavouritePersonVC.swift */ = {isa = PBXFileReference; fileEncoding = 4; lastKnownFileType = sourcecode.swift; path = AddFavouritePersonVC.swift; sourceTree = "<group>"; };
		85E09B571D44EC9D00EF6310 /* Person.swift */ = {isa = PBXFileReference; fileEncoding = 4; lastKnownFileType = sourcecode.swift; path = Person.swift; sourceTree = "<group>"; };
		85E09B591D44ECBD00EF6310 /* DataService.swift */ = {isa = PBXFileReference; fileEncoding = 4; lastKnownFileType = sourcecode.swift; path = DataService.swift; sourceTree = "<group>"; };
		85E09B5B1D44ECFF00EF6310 /* PersonCell.swift */ = {isa = PBXFileReference; fileEncoding = 4; lastKnownFileType = sourcecode.swift; path = PersonCell.swift; sourceTree = "<group>"; };
		85E09B5D1D45158700EF6310 /* Constants.swift */ = {isa = PBXFileReference; fileEncoding = 4; lastKnownFileType = sourcecode.swift; path = Constants.swift; sourceTree = "<group>"; };
/* End PBXFileReference section */

/* Begin PBXFrameworksBuildPhase section */
		85B207C31D44CC990015741C /* Frameworks */ = {
			isa = PBXFrameworksBuildPhase;
			buildActionMask = 2147483647;
			files = (
			);
			runOnlyForDeploymentPostprocessing = 0;
		};
/* End PBXFrameworksBuildPhase section */

/* Begin PBXGroup section */
		85B207BD1D44CC990015741C = {
			isa = PBXGroup;
			children = (
				85B207C81D44CC990015741C /* YourFavouritePersons */,
				85B207C71D44CC990015741C /* Products */,
			);
			sourceTree = "<group>";
		};
		85B207C71D44CC990015741C /* Products */ = {
			isa = PBXGroup;
			children = (
				85B207C61D44CC990015741C /* YourFavouritePersons.app */,
			);
			name = Products;
			sourceTree = "<group>";
		};
		85B207C81D44CC990015741C /* YourFavouritePersons */ = {
			isa = PBXGroup;
			children = (
				85B207E01D44CD5D0015741C /* DataService */,
				85B207DF1D44CD570015741C /* Utilities */,
				85B207DE1D44CD500015741C /* Resources */,
				85B207DD1D44CCFD0015741C /* Model */,
				85B207DC1D44CCF50015741C /* View */,
				85B207DB1D44CCA20015741C /* Controller */,
				85B207C91D44CC990015741C /* AppDelegate.swift */,
				85B207D01D44CC990015741C /* Assets.xcassets */,
				85B207D51D44CC990015741C /* Info.plist */,
			);
			path = YourFavouritePersons;
			sourceTree = "<group>";
		};
		85B207DB1D44CCA20015741C /* Controller */ = {
			isa = PBXGroup;
			children = (
				85B207CB1D44CC990015741C /* MainVC.swift */,
				85BEC8471D460AE9004B9223 /* PersonDetailVC.swift */,
				85E09B551D44EC2E00EF6310 /* AddFavouritePersonVC.swift */,
			);
			name = Controller;
			sourceTree = "<group>";
		};
		85B207DC1D44CCF50015741C /* View */ = {
			isa = PBXGroup;
			children = (
				85E09B531D44E12300EF6310 /* UIStylingView.swift */,
				85E09B5B1D44ECFF00EF6310 /* PersonCell.swift */,
				85B207CD1D44CC990015741C /* Main.storyboard */,
				85B207D21D44CC990015741C /* LaunchScreen.storyboard */,
			);
			name = View;
			sourceTree = "<group>";
		};
		85B207DD1D44CCFD0015741C /* Model */ = {
			isa = PBXGroup;
			children = (
				85E09B571D44EC9D00EF6310 /* Person.swift */,
				85E09B5D1D45158700EF6310 /* Constants.swift */,
			);
			name = Model;
			sourceTree = "<group>";
		};
		85B207DE1D44CD500015741C /* Resources */ = {
			isa = PBXGroup;
			children = (
				85B207E11D44CFB50015741C /* Fonts */,
			);
			name = Resources;
			sourceTree = "<group>";
		};
		85B207DF1D44CD570015741C /* Utilities */ = {
			isa = PBXGroup;
			children = (
			);
			name = Utilities;
			sourceTree = "<group>";
		};
		85B207E01D44CD5D0015741C /* DataService */ = {
			isa = PBXGroup;
			children = (
				85E09B591D44ECBD00EF6310 /* DataService.swift */,
			);
			name = DataService;
			sourceTree = "<group>";
		};
		85B207E11D44CFB50015741C /* Fonts */ = {
			isa = PBXGroup;
			children = (
				85B207EB1D44D0320015741C /* BebasNeue */,
				85B207E21D44CFBA0015741C /* CaviarDreams */,
			);
			name = Fonts;
			sourceTree = "<group>";
		};
		85B207E21D44CFBA0015741C /* CaviarDreams */ = {
			isa = PBXGroup;
			children = (
				85B207E31D44CFD00015741C /* CaviarDreams_Bold.ttf */,
				85B207E41D44CFD00015741C /* CaviarDreams_BoldItalic.ttf */,
				85B207E51D44CFD00015741C /* CaviarDreams_Italic.ttf */,
				85B207E61D44CFD00015741C /* CaviarDreams.ttf */,
			);
			name = CaviarDreams;
			sourceTree = "<group>";
		};
		85B207EB1D44D0320015741C /* BebasNeue */ = {
			isa = PBXGroup;
			children = (
				85B207EC1D44D04D0015741C /* BebasNeue.otf */,
			);
			name = BebasNeue;
			sourceTree = "<group>";
		};
/* End PBXGroup section */

/* Begin PBXNativeTarget section */
		85B207C51D44CC990015741C /* YourFavouritePersons */ = {
			isa = PBXNativeTarget;
			buildConfigurationList = 85B207D81D44CC990015741C /* Build configuration list for PBXNativeTarget "YourFavouritePersons" */;
			buildPhases = (
				85B207C21D44CC990015741C /* Sources */,
				85B207C31D44CC990015741C /* Frameworks */,
				85B207C41D44CC990015741C /* Resources */,
			);
			buildRules = (
			);
			dependencies = (
			);
			name = YourFavouritePersons;
			productName = YourFavouritePersons;
			productReference = 85B207C61D44CC990015741C /* YourFavouritePersons.app */;
			productType = "com.apple.product-type.application";
		};
/* End PBXNativeTarget section */

/* Begin PBXProject section */
		85B207BE1D44CC990015741C /* Project object */ = {
			isa = PBXProject;
			attributes = {
				LastSwiftUpdateCheck = 0730;
				LastUpgradeCheck = 0730;
				ORGANIZATIONNAME = "Mark Booster";
				TargetAttributes = {
					85B207C51D44CC990015741C = {
						CreatedOnToolsVersion = 7.3.1;
					};
				};
			};
			buildConfigurationList = 85B207C11D44CC990015741C /* Build configuration list for PBXProject "YourFavouritePersons" */;
			compatibilityVersion = "Xcode 3.2";
			developmentRegion = English;
			hasScannedForEncodings = 0;
			knownRegions = (
				en,
				Base,
			);
			mainGroup = 85B207BD1D44CC990015741C;
			productRefGroup = 85B207C71D44CC990015741C /* Products */;
			projectDirPath = "";
			projectRoot = "";
			targets = (
				85B207C51D44CC990015741C /* YourFavouritePersons */,
			);
		};
/* End PBXProject section */

/* Begin PBXResourcesBuildPhase section */
		85B207C41D44CC990015741C /* Resources */ = {
			isa = PBXResourcesBuildPhase;
			buildActionMask = 2147483647;
			files = (
				85B207D41D44CC990015741C /* LaunchScreen.storyboard in Resources */,
				85B207D11D44CC990015741C /* Assets.xcassets in Resources */,
				85B207CF1D44CC990015741C /* Main.storyboard in Resources */,
				85B207EA1D44CFD00015741C /* CaviarDreams.ttf in Resources */,
				85B207E81D44CFD00015741C /* CaviarDreams_BoldItalic.ttf in Resources */,
				85B207E91D44CFD00015741C /* CaviarDreams_Italic.ttf in Resources */,
				85B207ED1D44D04D0015741C /* BebasNeue.otf in Resources */,
				85B207E71D44CFD00015741C /* CaviarDreams_Bold.ttf in Resources */,
			);
			runOnlyForDeploymentPostprocessing = 0;
		};
/* End PBXResourcesBuildPhase section */

/* Begin PBXSourcesBuildPhase section */
		85B207C21D44CC990015741C /* Sources */ = {
			isa = PBXSourcesBuildPhase;
			buildActionMask = 2147483647;
			files = (
				85E09B581D44EC9D00EF6310 /* Person.swift in Sources */,
				85B207CC1D44CC990015741C /* MainVC.swift in Sources */,
				85B207CA1D44CC990015741C /* AppDelegate.swift in Sources */,
				85E09B5A1D44ECBD00EF6310 /* DataService.swift in Sources */,
				85E09B541D44E12300EF6310 /* UIStylingView.swift in Sources */,
				85E09B561D44EC2E00EF6310 /* AddFavouritePersonVC.swift in Sources */,
				85E09B5C1D44ECFF00EF6310 /* PersonCell.swift in Sources */,
				85E09B5E1D45158700EF6310 /* Constants.swift in Sources */,
				85BEC8481D460AE9004B9223 /* PersonDetailVC.swift in Sources */,
			);
			runOnlyForDeploymentPostprocessing = 0;
		};
/* End PBXSourcesBuildPhase section */

/* Begin PBXVariantGroup section */
		85B207CD1D44CC990015741C /* Main.storyboard */ = {
			isa = PBXVariantGroup;
			children = (
				85B207CE1D44CC990015741C /* Base */,
			);
			name = Main.storyboard;
			sourceTree = "<group>";
		};
		85B207D21D44CC990015741C /* LaunchScreen.storyboard */ = {
			isa = PBXVariantGroup;
			children = (
				85B207D31D44CC990015741C /* Base */,
			);
			name = LaunchScreen.storyboard;
			sourceTree = "<group>";
		};
/* End PBXVariantGroup section */

/* Begin XCBuildConfiguration section */
		85B207D61D44CC990015741C /* Debug */ = {
			isa = XCBuildConfiguration;
			buildSettings = {
				ALWAYS_SEARCH_USER_PATHS = NO;
				CLANG_ANALYZER_NONNULL = YES;
				CLANG_CXX_LANGUAGE_STANDARD = "gnu++0x";
				CLANG_CXX_LIBRARY = "libc++";
				CLANG_ENABLE_MODULES = YES;
				CLANG_ENABLE_OBJC_ARC = YES;
				CLANG_WARN_BOOL_CONVERSION = YES;
				CLANG_WARN_CONSTANT_CONVERSION = YES;
				CLANG_WARN_DIRECT_OBJC_ISA_USAGE = YES_ERROR;
				CLANG_WARN_EMPTY_BODY = YES;
				CLANG_WARN_ENUM_CONVERSION = YES;
				CLANG_WARN_INT_CONVERSION = YES;
				CLANG_WARN_OBJC_ROOT_CLASS = YES_ERROR;
				CLANG_WARN_UNREACHABLE_CODE = YES;
				CLANG_WARN__DUPLICATE_METHOD_MATCH = YES;
				"CODE_SIGN_IDENTITY[sdk=iphoneos*]" = "iPhone Developer";
				COPY_PHASE_STRIP = NO;
				DEBUG_INFORMATION_FORMAT = dwarf;
				ENABLE_STRICT_OBJC_MSGSEND = YES;
				ENABLE_TESTABILITY = YES;
				GCC_C_LANGUAGE_STANDARD = gnu99;
				GCC_DYNAMIC_NO_PIC = NO;
				GCC_NO_COMMON_BLOCKS = YES;
				GCC_OPTIMIZATION_LEVEL = 0;
				GCC_PREPROCESSOR_DEFINITIONS = (
					"DEBUG=1",
					"$(inherited)",
				);
				GCC_WARN_64_TO_32_BIT_CONVERSION = YES;
				GCC_WARN_ABOUT_RETURN_TYPE = YES_ERROR;
				GCC_WARN_UNDECLARED_SELECTOR = YES;
				GCC_WARN_UNINITIALIZED_AUTOS = YES_AGGRESSIVE;
				GCC_WARN_UNUSED_FUNCTION = YES;
				GCC_WARN_UNUSED_VARIABLE = YES;
				IPHONEOS_DEPLOYMENT_TARGET = 9.3;
				MTL_ENABLE_DEBUG_INFO = YES;
				ONLY_ACTIVE_ARCH = YES;
				SDKROOT = iphoneos;
				SWIFT_OPTIMIZATION_LEVEL = "-Onone";
				TARGETED_DEVICE_FAMILY = "1,2";
			};
			name = Debug;
		};
		85B207D71D44CC990015741C /* Release */ = {
			isa = XCBuildConfiguration;
			buildSettings = {
				ALWAYS_SEARCH_USER_PATHS = NO;
				CLANG_ANALYZER_NONNULL = YES;
				CLANG_CXX_LANGUAGE_STANDARD = "gnu++0x";
				CLANG_CXX_LIBRARY = "libc++";
				CLANG_ENABLE_MODULES = YES;
				CLANG_ENABLE_OBJC_ARC = YES;
				CLANG_WARN_BOOL_CONVERSION = YES;
				CLANG_WARN_CONSTANT_CONVERSION = YES;
				CLANG_WARN_DIRECT_OBJC_ISA_USAGE = YES_ERROR;
				CLANG_WARN_EMPTY_BODY = YES;
				CLANG_WARN_ENUM_CONVERSION = YES;
				CLANG_WARN_INT_CONVERSION = YES;
				CLANG_WARN_OBJC_ROOT_CLASS = YES_ERROR;
				CLANG_WARN_UNREACHABLE_CODE = YES;
				CLANG_WARN__DUPLICATE_METHOD_MATCH = YES;
				"CODE_SIGN_IDENTITY[sdk=iphoneos*]" = "iPhone Developer";
				COPY_PHASE_STRIP = NO;
				DEBUG_INFORMATION_FORMAT = "dwarf-with-dsym";
				ENABLE_NS_ASSERTIONS = NO;
				ENABLE_STRICT_OBJC_MSGSEND = YES;
				GCC_C_LANGUAGE_STANDARD = gnu99;
				GCC_NO_COMMON_BLOCKS = YES;
				GCC_WARN_64_TO_32_BIT_CONVERSION = YES;
				GCC_WARN_ABOUT_RETURN_TYPE = YES_ERROR;
				GCC_WARN_UNDECLARED_SELECTOR = YES;
				GCC_WARN_UNINITIALIZED_AUTOS = YES_AGGRESSIVE;
				GCC_WARN_UNUSED_FUNCTION = YES;
				GCC_WARN_UNUSED_VARIABLE = YES;
				IPHONEOS_DEPLOYMENT_TARGET = 9.3;
				MTL_ENABLE_DEBUG_INFO = NO;
				SDKROOT = iphoneos;
				TARGETED_DEVICE_FAMILY = "1,2";
				VALIDATE_PRODUCT = YES;
			};
			name = Release;
		};
		85B207D91D44CC990015741C /* Debug */ = {
			isa = XCBuildConfiguration;
			buildSettings = {
				ASSETCATALOG_COMPILER_APPICON_NAME = AppIcon;
				INFOPLIST_FILE = YourFavouritePersons/Info.plist;
				LD_RUNPATH_SEARCH_PATHS = "$(inherited) @executable_path/Frameworks";
				PRODUCT_BUNDLE_IDENTIFIER = com.athic.YourFavouritePersons;
				PRODUCT_NAME = "$(TARGET_NAME)";
			};
			name = Debug;
		};
		85B207DA1D44CC990015741C /* Release */ = {
			isa = XCBuildConfiguration;
			buildSettings = {
				ASSETCATALOG_COMPILER_APPICON_NAME = AppIcon;
				INFOPLIST_FILE = YourFavouritePersons/Info.plist;
				LD_RUNPATH_SEARCH_PATHS = "$(inherited) @executable_path/Frameworks";
				PRODUCT_BUNDLE_IDENTIFIER = com.athic.YourFavouritePersons;
				PRODUCT_NAME = "$(TARGET_NAME)";
			};
			name = Release;
		};
/* End XCBuildConfiguration section */

/* Begin XCConfigurationList section */
		85B207C11D44CC990015741C /* Build configuration list for PBXProject "YourFavouritePersons" */ = {
			isa = XCConfigurationList;
			buildConfigurations = (
				85B207D61D44CC990015741C /* Debug */,
				85B207D71D44CC990015741C /* Release */,
			);
			defaultConfigurationIsVisible = 0;
			defaultConfigurationName = Release;
		};
		85B207D81D44CC990015741C /* Build configuration list for PBXNativeTarget "YourFavouritePersons" */ = {
			isa = XCConfigurationList;
			buildConfigurations = (
				85B207D91D44CC990015741C /* Debug */,
				85B207DA1D44CC990015741C /* Release */,
			);
			defaultConfigurationIsVisible = 0;
			defaultConfigurationName = Release;
		};
/* End XCConfigurationList section */
	};
	rootObject = 85B207BE1D44CC990015741C /* Project object */;
}
